// !$*UTF8*$!
{
	archiveVersion = 1;
	classes = {
	};
	objectVersion = 55;
	objects = {

/* Begin PBXFileReference section */
		9E0D0E0429D331050046E592 /* HateEnglish.swift */ = {isa = PBXFileReference; lastKnownFileType = sourcecode.swift; path = HateEnglish.swift; sourceTree = "<group>"; };
		9E4383422D6DF8B6008E8EB7 /* MinimumMaximun.swift */ = {isa = PBXFileReference; lastKnownFileType = sourcecode.swift; path = MinimumMaximun.swift; sourceTree = "<group>"; };
		9E4383432D6DF8B6008E8EB7 /* JadenCase.swift */ = {isa = PBXFileReference; lastKnownFileType = sourcecode.swift; path = JadenCase.swift; sourceTree = "<group>"; };
		9E4383442D6DF8B6008E8EB7 /* CorrectParentheses.swift */ = {isa = PBXFileReference; lastKnownFileType = sourcecode.swift; path = CorrectParentheses.swift; sourceTree = "<group>"; };
		9E4383452D6DF8B6008E8EB7 /* CreateMinimum.swift */ = {isa = PBXFileReference; lastKnownFileType = sourcecode.swift; path = CreateMinimum.swift; sourceTree = "<group>"; };
		9E4383462D6DF8B6008E8EB7 /* ConvertBinary.swift */ = {isa = PBXFileReference; lastKnownFileType = sourcecode.swift; path = ConvertBinary.swift; sourceTree = "<group>"; };
		9E8D4D8C29D70EE800FDE52D /* Count7.swift */ = {isa = PBXFileReference; lastKnownFileType = sourcecode.swift; path = Count7.swift; sourceTree = "<group>"; };
		9E8D4D8D29D70F2F00FDE52D /* ControllZ.swift */ = {isa = PBXFileReference; lastKnownFileType = sourcecode.swift; path = ControllZ.swift; sourceTree = "<group>"; };
		9E8D4D8E29D9AB2F00FDE52D /* FactorizationIntoPrimes.swift */ = {isa = PBXFileReference; lastKnownFileType = sourcecode.swift; path = FactorizationIntoPrimes.swift; sourceTree = "<group>"; };
		9E8D4D8F29D9ACE800FDE52D /* ThrowBall.swift */ = {isa = PBXFileReference; lastKnownFileType = sourcecode.swift; path = ThrowBall.swift; sourceTree = "<group>"; };
		9E8D4D9029DB1B1800FDE52D /* OutputRightTriangle2.swift */ = {isa = PBXFileReference; lastKnownFileType = sourcecode.swift; path = OutputRightTriangle2.swift; sourceTree = "<group>"; };
		9E8D4D9129DC5F1400FDE52D /* CalculateString.swift */ = {isa = PBXFileReference; lastKnownFileType = sourcecode.swift; path = CalculateString.swift; sourceTree = "<group>"; };
		9E8D4D9229DDB2B800FDE52D /* ShareBall.swift */ = {isa = PBXFileReference; lastKnownFileType = sourcecode.swift; path = ShareBall.swift; sourceTree = "<group>"; };
		9E8D4D9329E03E3000FDE52D /* AlienLanguage.swift */ = {isa = PBXFileReference; lastKnownFileType = sourcecode.swift; path = AlienLanguage.swift; sourceTree = "<group>"; };
		9E8D4D9729E2E6A700FDE52D /* RectangleArea.swift */ = {isa = PBXFileReference; lastKnownFileType = sourcecode.swift; path = RectangleArea.swift; sourceTree = "<group>"; };
		9E8D4D9829E4598900FDE52D /* ChickenCoupon.swift */ = {isa = PBXFileReference; lastKnownFileType = sourcecode.swift; path = ChickenCoupon.swift; sourceTree = "<group>"; };
		9E8D4D9929E5A4D200FDE52D /* SliceArray.swift */ = {isa = PBXFileReference; lastKnownFileType = sourcecode.swift; path = SliceArray.swift; sourceTree = "<group>"; };
		9E8D4D9A29E6F0BA00FDE52D /* CharacterCoordinates.swift */ = {isa = PBXFileReference; lastKnownFileType = sourcecode.swift; path = CharacterCoordinates.swift; sourceTree = "<group>"; };
/* End PBXFileReference section */

/* Begin PBXGroup section */
		9E0D0DFD29D330E50046E592 = {
			isa = PBXGroup;
			children = (
				9E0D0E0529D3331E0046E592 /* Lv.0 */,
				9E4383402D6DF8B6008E8EB7 /* Lv.1 */,
				9E4383412D6DF8B6008E8EB7 /* Lv.2 */,
				9E4383472D6DF8B6008E8EB7 /* Lv.3 */,
			);
			sourceTree = "<group>";
		};
		9E0D0E0529D3331E0046E592 /* Lv.0 */ = {
			isa = PBXGroup;
			children = (
				9E0D0E0429D331050046E592 /* HateEnglish.swift */,
				9E8D4D8C29D70EE800FDE52D /* Count7.swift */,
				9E8D4D8D29D70F2F00FDE52D /* ControllZ.swift */,
				9E8D4D8E29D9AB2F00FDE52D /* FactorizationIntoPrimes.swift */,
				9E8D4D8F29D9ACE800FDE52D /* ThrowBall.swift */,
				9E8D4D9029DB1B1800FDE52D /* OutputRightTriangle2.swift */,
				9E8D4D9129DC5F1400FDE52D /* CalculateString.swift */,
				9E8D4D9229DDB2B800FDE52D /* ShareBall.swift */,
				9E8D4D9329E03E3000FDE52D /* AlienLanguage.swift */,
				9E8D4D9729E2E6A700FDE52D /* RectangleArea.swift */,
				9E8D4D9829E4598900FDE52D /* ChickenCoupon.swift */,
				9E8D4D9929E5A4D200FDE52D /* SliceArray.swift */,
				9E8D4D9A29E6F0BA00FDE52D /* CharacterCoordinates.swift */,
			);
			path = Lv.0;
			sourceTree = "<group>";
		};
		9E4383402D6DF8B6008E8EB7 /* Lv.1 */ = {
			isa = PBXGroup;
			children = (
			);
			path = Lv.1;
			sourceTree = SOURCE_ROOT;
		};
		9E4383412D6DF8B6008E8EB7 /* Lv.2 */ = {
			isa = PBXGroup;
			children = (
				9E4383422D6DF8B6008E8EB7 /* MinimumMaximun.swift */,
				9E4383432D6DF8B6008E8EB7 /* JadenCase.swift */,
				9E4383442D6DF8B6008E8EB7 /* CorrectParentheses.swift */,
				9E4383452D6DF8B6008E8EB7 /* CreateMinimum.swift */,
				9E4383462D6DF8B6008E8EB7 /* ConvertBinary.swift */,
			);
			path = Lv.2;
			sourceTree = SOURCE_ROOT;
		};
		9E4383472D6DF8B6008E8EB7 /* Lv.3 */ = {
			isa = PBXGroup;
			children = (
			);
			path = Lv.3;
			sourceTree = SOURCE_ROOT;
		};
/* End PBXGroup section */

/* Begin PBXProject section */
		9E0D0DFE29D330E50046E592 /* Project object */ = {
			isa = PBXProject;
			attributes = {
				BuildIndependentTargetsInParallel = 1;
				LastUpgradeCheck = 1330;
			};
			buildConfigurationList = 9E0D0E0129D330E50046E592 /* Build configuration list for PBXProject "CodingTest" */;
			compatibilityVersion = "Xcode 13.0";
			developmentRegion = en;
			hasScannedForEncodings = 0;
			knownRegions = (
				en,
				Base,
			);
			mainGroup = 9E0D0DFD29D330E50046E592;
			projectDirPath = "";
			projectRoot = "";
			targets = (
			);
		};
/* End PBXProject section */

/* Begin XCBuildConfiguration section */
		9E0D0E0229D330E50046E592 /* Debug */ = {
			isa = XCBuildConfiguration;
			buildSettings = {
			};
			name = Debug;
		};
		9E0D0E0329D330E50046E592 /* Release */ = {
			isa = XCBuildConfiguration;
			buildSettings = {
			};
			name = Release;
		};
/* End XCBuildConfiguration section */

/* Begin XCConfigurationList section */
		9E0D0E0129D330E50046E592 /* Build configuration list for PBXProject "CodingTest" */ = {
			isa = XCConfigurationList;
			buildConfigurations = (
				9E0D0E0229D330E50046E592 /* Debug */,
				9E0D0E0329D330E50046E592 /* Release */,
			);
			defaultConfigurationIsVisible = 0;
			defaultConfigurationName = Release;
		};
/* End XCConfigurationList section */
	};
	rootObject = 9E0D0DFE29D330E50046E592 /* Project object */;
}
