// !$*UTF8*$!
{
	archiveVersion = 1;
	classes = {
	};
	objectVersion = 55;
	objects = {

/* Begin PBXFileReference section */
		9E0D0E0429D331050046E592 /* HateEnglish.swift */ = {isa = PBXFileReference; lastKnownFileType = sourcecode.swift; path = HateEnglish.swift; sourceTree = "<group>"; };
		9E8D4D8C29D70EE800FDE52D /* Count7.swift */ = {isa = PBXFileReference; lastKnownFileType = sourcecode.swift; path = Count7.swift; sourceTree = "<group>"; };
		9E8D4D8D29D70F2F00FDE52D /* ControllZ.swift */ = {isa = PBXFileReference; lastKnownFileType = sourcecode.swift; path = ControllZ.swift; sourceTree = "<group>"; };
		9E8D4D8E29D9AB2F00FDE52D /* FactorizationIntoPrimes.swift */ = {isa = PBXFileReference; lastKnownFileType = sourcecode.swift; path = FactorizationIntoPrimes.swift; sourceTree = "<group>"; };
		9E8D4D8F29D9ACE800FDE52D /* ThrowBall.swift */ = {isa = PBXFileReference; lastKnownFileType = sourcecode.swift; path = ThrowBall.swift; sourceTree = "<group>"; };
		9E8D4D9029DB1B1800FDE52D /* OutputRightTriangle2.swift */ = {isa = PBXFileReference; lastKnownFileType = sourcecode.swift; path = OutputRightTriangle2.swift; sourceTree = "<group>"; };
		9E8D4D9129DC5F1400FDE52D /* CalculateString.swift */ = {isa = PBXFileReference; lastKnownFileType = sourcecode.swift; path = CalculateString.swift; sourceTree = "<group>"; };
/* End PBXFileReference section */

/* Begin PBXGroup section */
		9E0D0DFD29D330E50046E592 = {
			isa = PBXGroup;
			children = (
				9E0D0E0529D3331E0046E592 /* Lv.0 */,
			);
			sourceTree = "<group>";
		};
		9E0D0E0529D3331E0046E592 /* Lv.0 */ = {
			isa = PBXGroup;
			children = (
				9E0D0E0429D331050046E592 /* HateEnglish.swift */,
				9E8D4D8C29D70EE800FDE52D /* Count7.swift */,
				9E8D4D8D29D70F2F00FDE52D /* ControllZ.swift */,
				9E8D4D8E29D9AB2F00FDE52D /* FactorizationIntoPrimes.swift */,
				9E8D4D8F29D9ACE800FDE52D /* ThrowBall.swift */,
				9E8D4D9029DB1B1800FDE52D /* OutputRightTriangle2.swift */,
				9E8D4D9129DC5F1400FDE52D /* CalculateString.swift */,
			);
			path = Lv.0;
			sourceTree = "<group>";
		};
/* End PBXGroup section */

/* Begin PBXProject section */
		9E0D0DFE29D330E50046E592 /* Project object */ = {
			isa = PBXProject;
			attributes = {
				BuildIndependentTargetsInParallel = 1;
				LastUpgradeCheck = 1330;
			};
			buildConfigurationList = 9E0D0E0129D330E50046E592 /* Build configuration list for PBXProject "CodingTest" */;
			compatibilityVersion = "Xcode 13.0";
			developmentRegion = en;
			hasScannedForEncodings = 0;
			knownRegions = (
				en,
				Base,
			);
			mainGroup = 9E0D0DFD29D330E50046E592;
			projectDirPath = "";
			projectRoot = "";
			targets = (
			);
		};
/* End PBXProject section */

/* Begin XCBuildConfiguration section */
		9E0D0E0229D330E50046E592 /* Debug */ = {
			isa = XCBuildConfiguration;
			buildSettings = {
			};
			name = Debug;
		};
		9E0D0E0329D330E50046E592 /* Release */ = {
			isa = XCBuildConfiguration;
			buildSettings = {
			};
			name = Release;
		};
/* End XCBuildConfiguration section */

/* Begin XCConfigurationList section */
		9E0D0E0129D330E50046E592 /* Build configuration list for PBXProject "CodingTest" */ = {
			isa = XCConfigurationList;
			buildConfigurations = (
				9E0D0E0229D330E50046E592 /* Debug */,
				9E0D0E0329D330E50046E592 /* Release */,
			);
			defaultConfigurationIsVisible = 0;
			defaultConfigurationName = Release;
		};
/* End XCConfigurationList section */
	};
	rootObject = 9E0D0DFE29D330E50046E592 /* Project object */;
}
